lockfileVersion: '9.0'

settings:
  autoInstallPeers: true
  excludeLinksFromLockfile: false

importers:

  .:
    devDependencies:
      '@deepseek-ai/cordis':
        specifier: '*'
        version: 4.0.1
      '@deepseek-ai/dsh-fs':
        specifier: '*'
        version: 0.0.1-rc.1(7991753c264b1d907549a3df5a6ef9ed)
      '@deepseek-ai/dsh-system-prompt':
        specifier: '*'
        version: 0.0.1-rc.1(@deepseek-ai/cordis@4.0.1)(@deepseek-ai/dsh-invariants@0.1.0-rc.7(@deepseek-ai/cordis@4.0.1))(@deepseek-ai/dsh-llm@0.1.0-rc.7(@deepseek-ai/cordis@4.0.1)(@deepseek-ai/dsh-attachment@0.1.0-rc.7(@deepseek-ai/cordis@4.0.1)(@deepseek-ai/dsh-brand@0.1.0-rc.7(@deepseek-ai/cordis@4.0.1)(@deepseek-ai/dsh-invariants@0.1.0-rc.7(@deepseek-ai/cordis@4.0.1)))(@deepseek-ai/dsh-invariants@0.1.0-rc.7(@deepseek-ai/cordis@4.0.1)))(@deepseek-ai/dsh-brand@0.1.0-rc.7(@deepseek-ai/cordis@4.0.1)(@deepseek-ai/dsh-invariants@0.1.0-rc.7(@deepseek-ai/cordis@4.0.1)))(@deepseek-ai/dsh-invariants@0.1.0-rc.7(@deepseek-ai/cordis@4.0.1))(@deepseek-ai/dsh-timeout@0.1.0-rc.7(@deepseek-ai/cordis@4.0.1)(@deepseek-ai/dsh-invariants@0.1.0-rc.7(@deepseek-ai/cordis@4.0.1))))(@deepseek-ai/dsh-scope@0.1.0-rc.7(@deepseek-ai/cordis@4.0.1)(@deepseek-ai/dsh-invariants@0.1.0-rc.7(@deepseek-ai/cordis@4.0.1)))
      '@deepseek-ai/dsh-tools':
        specifier: '*'
        version: 0.0.1-rc.1(eb4ac1007a57747c58d95170c2d34893)
      '@deepseek-ai/schemastery':
        specifier: '*'
        version: 3.18.1
      typescript:
        specifier: ^5.0.0
        version: 5.9.3

packages:

  '@deepseek-ai/cordis@4.0.1':
    resolution: {integrity: sha512-YBdskTU2Po1kru3GgcUWUbkTsPMA9LkSQDAY8rBkFJeajdgcQad3QPJZE26JyK99Xb6HaASvoXg2DSUTeN/0Nw==}
    hasBin: true
    peerDependencies:
      '@deepseek-ai/cordis-plugin-include': ^1.0.6
      '@deepseek-ai/cordis-plugin-loader': ^1.0.2
    peerDependenciesMeta:
      '@deepseek-ai/cordis-plugin-include':
        optional: true
      '@deepseek-ai/cordis-plugin-loader':
        optional: true

  '@deepseek-ai/cosmokit@1.8.2':
    resolution: {integrity: sha512-muBOKtSrUKU5m/xpq8ZXWL6hQ/jgd4PhU2PqH97bcxIiLEJfNwZOGQEx4t/aS/GgxRAR+ra9pMHPMtTHU4sqqA==}

  '@deepseek-ai/dsh-agent@0.1.0-rc.7':
    resolution: {integrity: sha512-AqBQavJYgbCUUYBHP7OGCaw8WN5082NXYQOoOfNRO72bub3E+/nWkl8b4B7BAJdFfyLo9ce+Kgb1BCHSJU/JLg==}
    peerDependencies:
      '@deepseek-ai/cordis': ^4.0.1
      '@deepseek-ai/dsh-invariants': ^0.1.0-rc.7
      '@deepseek-ai/dsh-llm': ^0.1.0-rc.7
      '@deepseek-ai/dsh-scope': ^0.1.0-rc.7
      '@deepseek-ai/dsh-session': ^0.1.0-rc.7
      '@deepseek-ai/dsh-system-prompt': ^0.1.0-rc.7
      '@deepseek-ai/dsh-typert-protocol': ^0.1.0-rc.7

  '@deepseek-ai/dsh-attachment@0.1.0-rc.7':
    resolution: {integrity: sha512-rsR/xVNOGIig8gXxhrKnkd6YD7aYliGtA/e7b4DlPawMpLhsItAh0HQ832n8LJn1aGZxKf68y9PRgzfljsveOQ==}
    peerDependencies:
      '@deepseek-ai/cordis': ^4.0.1
      '@deepseek-ai/dsh-brand': ^0.1.0-rc.7
      '@deepseek-ai/dsh-invariants': ^0.1.0-rc.7

  '@deepseek-ai/dsh-brand@0.1.0-rc.7':
    resolution: {integrity: sha512-P7+w0fN40yXXQkV360p6jQi63pcl68OOWebNGN5gf8w8sguvni2mA1cU8RLZzDkRNFSZD+BCw3D4uWYM+hhh7A==}
    peerDependencies:
      '@deepseek-ai/cordis': ^4.0.1
      '@deepseek-ai/dsh-invariants': ^0.1.0-rc.7

  '@deepseek-ai/dsh-code-runtime@0.1.0-rc.7':
    resolution: {integrity: sha512-vzW82eU4so0qJQ/XS7BGBUSguJMAgEOW3GaJJW0g+W5ysBJg+UC/Jjo1Np8mPjSpjjl4eoyXpshJzrwjoxCpRg==}
    peerDependencies:
      '@deepseek-ai/cordis': ^4.0.1
      '@deepseek-ai/dsh-invariants': ^0.1.0-rc.7

  '@deepseek-ai/dsh-fs@0.0.1-rc.1':
    resolution: {integrity: sha512-fimEooSQ+0DnISr+ajoSBjMmgIjxmlbhMC6+uMJ94aBRXMawhR7LnMYH3/hELdn9n9jNUYvoyy3yVPBNAdkzug==}
    peerDependencies:
      '@deepseek-ai/cordis': ^4.0.1-rc.1
      '@deepseek-ai/dsh-brand': ^0.0.1-rc.1
      '@deepseek-ai/dsh-invariants': ^0.0.1-rc.1
      '@deepseek-ai/dsh-llm': ^0.0.1-rc.1
      '@deepseek-ai/dsh-sandbox': ^0.0.1-rc.1

  '@deepseek-ai/dsh-invariants@0.1.0-rc.7':
    resolution: {integrity: sha512-PnO1F4aZGUmqZPyuPJpBUfQ4DZmjCGCNGr0yuN2iURTP/e6h0kGnTNTYgR2NqMvAtpP66WNiHhvH2LMqumk1+A==}
    peerDependencies:
      '@deepseek-ai/cordis': ^4.0.1

  '@deepseek-ai/dsh-llm@0.1.0-rc.7':
    resolution: {integrity: sha512-VaB9kQ8XOA+R5jtsWf92QMc1WpaatEAFUvQePGUYrzQ7Z86b9VhQQzmchh5VmknT4oRSSdn0re5tReCvfcYNXQ==}
    peerDependencies:
      '@deepseek-ai/cordis': ^4.0.1
      '@deepseek-ai/dsh-attachment': ^0.1.0-rc.7
      '@deepseek-ai/dsh-brand': ^0.1.0-rc.7
      '@deepseek-ai/dsh-invariants': ^0.1.0-rc.7
      '@deepseek-ai/dsh-timeout': ^0.1.0-rc.7

  '@deepseek-ai/dsh-sandbox@0.1.0-rc.7':
    resolution: {integrity: sha512-he43z39/SC8cMzPDsoP7EEXiXKjav3VClj/U943pxycvRL78JGkNEQQjv21n5mnuto0ti/gFBquybSI4sBAFqA==}
    peerDependencies:
      '@deepseek-ai/cordis': ^4.0.1
      '@deepseek-ai/dsh-invariants': ^0.1.0-rc.7
      '@deepseek-ai/dsh-llm': ^0.1.0-rc.7
      '@deepseek-ai/dsh-session': ^0.1.0-rc.7

  '@deepseek-ai/dsh-scope@0.1.0-rc.7':
    resolution: {integrity: sha512-8gn+sANXhpv+9egbNwq49/uI3XhbmB33obo9yMyzyzruan3zFoxeH4UV54jTC2hjbu8gFNPsyNam9AAtRV8/Cg==}
    peerDependencies:
      '@deepseek-ai/cordis': ^4.0.1
      '@deepseek-ai/dsh-invariants': ^0.1.0-rc.7

  '@deepseek-ai/dsh-session@0.1.0-rc.7':
    resolution: {integrity: sha512-02WVTkqIH+TyDL7dhMN3Hm+qcTEdhD0fVDC0aIAyND2fBdXj3CagEXXvpmt3mzwWfKwOTGL1RdxtC6pMA4Bl1A==}
    peerDependencies:
      '@deepseek-ai/cordis': ^4.0.1
      '@deepseek-ai/dsh-brand': ^0.1.0-rc.7
      '@deepseek-ai/dsh-invariants': ^0.1.0-rc.7
      '@deepseek-ai/dsh-llm': ^0.1.0-rc.7
      '@deepseek-ai/dsh-scope': ^0.1.0-rc.7
      '@deepseek-ai/dsh-typert-protocol': ^0.1.0-rc.7

  '@deepseek-ai/dsh-system-prompt@0.0.1-rc.1':
    resolution: {integrity: sha512-xNHVjV8oBueTbYe2i7OmxW3W4SDlMUo2ZxJiLeVQdjx8jolzYHyF+EgaYeOJmF1BJmgPbyc1biCZetSFSWY9TA==}
    peerDependencies:
      '@deepseek-ai/cordis': ^4.0.1-rc.1
      '@deepseek-ai/dsh-invariants': ^0.0.1-rc.1
      '@deepseek-ai/dsh-llm': ^0.0.1-rc.1
      '@deepseek-ai/dsh-scope': ^0.0.1-rc.1

  '@deepseek-ai/dsh-timeout@0.1.0-rc.7':
    resolution: {integrity: sha512-Ufl9G7zP7Tky/zkXscavEiolEfAwutfbPeLb5sUU/tPQlDykhh1NwGrarNJ11fdR723zmA/3co4LgxtDtWCOEQ==}
    peerDependencies:
      '@deepseek-ai/cordis': ^4.0.1
      '@deepseek-ai/dsh-invariants': ^0.1.0-rc.7

  '@deepseek-ai/dsh-tools@0.0.1-rc.1':
    resolution: {integrity: sha512-mrtq+UXc6UVidrGo4GM8RAH0Gqc4iFOmtPeQAz59Phhjl3EmzkFI0Mo6dQlHQamrc2J9jppPtGtUzW9qHmwxDQ==}
    peerDependencies:
      '@deepseek-ai/cordis': ^4.0.1-rc.1
      '@deepseek-ai/dsh-agent': ^0.0.1-rc.1
      '@deepseek-ai/dsh-code-runtime': ^0.0.1-rc.1
      '@deepseek-ai/dsh-invariants': ^0.0.1-rc.1
      '@deepseek-ai/dsh-llm': ^0.0.1-rc.1
      '@deepseek-ai/dsh-scope': ^0.0.1-rc.1
      '@deepseek-ai/dsh-session': ^0.0.1-rc.1
      '@deepseek-ai/dsh-system-prompt': ^0.0.1-rc.1
      '@deepseek-ai/dsh-user-approval': ^0.0.1-rc.1

  '@deepseek-ai/dsh-typert-protocol@0.1.0-rc.7':
    resolution: {integrity: sha512-R7qdvaRRHbz5xijoVOxueeBB/VT0eDzuQNQN4iNEBUbI/L9xG9bZutktTQlgrIlBSn1sPH4pLqiCiM6ErQPTaQ==}
    peerDependencies:
      '@deepseek-ai/cordis': ^4.0.1
      '@deepseek-ai/dsh-invariants': ^0.1.0-rc.7

  '@deepseek-ai/dsh-user-approval@0.1.0-rc.7':
    resolution: {integrity: sha512-kYMpU6eg1m1BcfSC4FLWUcNH/QAE8tcu0WRkQzqzoCw8bK/Nl3dqHtd2qSVzI/emIviTulM5I230e4wPi/kuVg==}
    peerDependencies:
      '@deepseek-ai/cordis': ^4.0.1
      '@deepseek-ai/dsh-agent': ^0.1.0-rc.7
      '@deepseek-ai/dsh-brand': ^0.1.0-rc.7
      '@deepseek-ai/dsh-invariants': ^0.1.0-rc.7
      '@deepseek-ai/dsh-llm': ^0.1.0-rc.7
      '@deepseek-ai/dsh-scope': ^0.1.0-rc.7
      '@deepseek-ai/dsh-session': ^0.1.0-rc.7
      '@deepseek-ai/dsh-system-prompt': ^0.1.0-rc.7

  '@deepseek-ai/schemastery@3.18.1':
    resolution: {integrity: sha512-Qn0FCSwCQnpnj6SB31I6i2sIKgKWnkbJM8O0EU91Gv2UsYVvtZTl6IA0sCwk2e2MZf5S8w5hpq9QkeVvK9qwxg==}

  '@standard-schema/spec@1.1.0':
    resolution: {integrity: sha512-l2aFy5jALhniG5HgqrD6jXLi/rUWrKvqN/qJx6yoJsgKhblVd+iqqU4RCXavm/jPityDo5TCvKMnpjKnOriy0w==}

  typescript@5.9.3:
    resolution: {integrity: sha512-jl1vZzPDinLr9eUt3J/t7V6FgNEw9QjvBPdysz9KfQDD41fQrC2Y4vKQdiaUpFT4bXlb1RHhLpp8wtm6M5TgSw==}
    engines: {node: '>=14.17'}
    hasBin: true

snapshots:

  '@deepseek-ai/cordis@4.0.1':
    dependencies:
      '@deepseek-ai/cosmokit': 1.8.2
      '@standard-schema/spec': 1.1.0

  '@deepseek-ai/cosmokit@1.8.2': {}

  '@deepseek-ai/dsh-agent@0.1.0-rc.7(ea702386a8bab995362c9873023e371b)':
    dependencies:
      '@deepseek-ai/cordis': 4.0.1
      '@deepseek-ai/dsh-invariants': 0.1.0-rc.7(@deepseek-ai/cordis@4.0.1)
      '@deepseek-ai/dsh-llm': 0.1.0-rc.7(@deepseek-ai/cordis@4.0.1)(@deepseek-ai/dsh-attachment@0.1.0-rc.7(@deepseek-ai/cordis@4.0.1)(@deepseek-ai/dsh-brand@0.1.0-rc.7(@deepseek-ai/cordis@4.0.1)(@deepseek-ai/dsh-invariants@0.1.0-rc.7(@deepseek-ai/cordis@4.0.1)))(@deepseek-ai/dsh-invariants@0.1.0-rc.7(@deepseek-ai/cordis@4.0.1)))(@deepseek-ai/dsh-brand@0.1.0-rc.7(@deepseek-ai/cordis@4.0.1)(@deepseek-ai/dsh-invariants@0.1.0-rc.7(@deepseek-ai/cordis@4.0.1)))(@deepseek-ai/dsh-invariants@0.1.0-rc.7(@deepseek-ai/cordis@4.0.1))(@deepseek-ai/dsh-timeout@0.1.0-rc.7(@deepseek-ai/cordis@4.0.1)(@deepseek-ai/dsh-invariants@0.1.0-rc.7(@deepseek-ai/cordis@4.0.1)))
      '@deepseek-ai/dsh-scope': 0.1.0-rc.7(@deepseek-ai/cordis@4.0.1)(@deepseek-ai/dsh-invariants@0.1.0-rc.7(@deepseek-ai/cordis@4.0.1))
      '@deepseek-ai/dsh-session': 0.1.0-rc.7(1dcde9bfc9fa0140c66648fbcb67b346)
      '@deepseek-ai/dsh-system-prompt': 0.0.1-rc.1(@deepseek-ai/cordis@4.0.1)(@deepseek-ai/dsh-invariants@0.1.0-rc.7(@deepseek-ai/cordis@4.0.1))(@deepseek-ai/dsh-llm@0.1.0-rc.7(@deepseek-ai/cordis@4.0.1)(@deepseek-ai/dsh-attachment@0.1.0-rc.7(@deepseek-ai/cordis@4.0.1)(@deepseek-ai/dsh-brand@0.1.0-rc.7(@deepseek-ai/cordis@4.0.1)(@deepseek-ai/dsh-invariants@0.1.0-rc.7(@deepseek-ai/cordis@4.0.1)))(@deepseek-ai/dsh-invariants@0.1.0-rc.7(@deepseek-ai/cordis@4.0.1)))(@deepseek-ai/dsh-brand@0.1.0-rc.7(@deepseek-ai/cordis@4.0.1)(@deepseek-ai/dsh-invariants@0.1.0-rc.7(@deepseek-ai/cordis@4.0.1)))(@deepseek-ai/dsh-invariants@0.1.0-rc.7(@deepseek-ai/cordis@4.0.1))(@deepseek-ai/dsh-timeout@0.1.0-rc.7(@deepseek-ai/cordis@4.0.1)(@deepseek-ai/dsh-invariants@0.1.0-rc.7(@deepseek-ai/cordis@4.0.1))))(@deepseek-ai/dsh-scope@0.1.0-rc.7(@deepseek-ai/cordis@4.0.1)(@deepseek-ai/dsh-invariants@0.1.0-rc.7(@deepseek-ai/cordis@4.0.1)))
      '@deepseek-ai/dsh-typert-protocol': 0.1.0-rc.7(@deepseek-ai/cordis@4.0.1)(@deepseek-ai/dsh-invariants@0.1.0-rc.7(@deepseek-ai/cordis@4.0.1))

  '@deepseek-ai/dsh-attachment@0.1.0-rc.7(@deepseek-ai/cordis@4.0.1)(@deepseek-ai/dsh-brand@0.1.0-rc.7(@deepseek-ai/cordis@4.0.1)(@deepseek-ai/dsh-invariants@0.1.0-rc.7(@deepseek-ai/cordis@4.0.1)))(@deepseek-ai/dsh-invariants@0.1.0-rc.7(@deepseek-ai/cordis@4.0.1))':
    dependencies:
      '@deepseek-ai/cordis': 4.0.1
      '@deepseek-ai/dsh-brand': 0.1.0-rc.7(@deepseek-ai/cordis@4.0.1)(@deepseek-ai/dsh-invariants@0.1.0-rc.7(@deepseek-ai/cordis@4.0.1))
      '@deepseek-ai/dsh-invariants': 0.1.0-rc.7(@deepseek-ai/cordis@4.0.1)

  '@deepseek-ai/dsh-brand@0.1.0-rc.7(@deepseek-ai/cordis@4.0.1)(@deepseek-ai/dsh-invariants@0.1.0-rc.7(@deepseek-ai/cordis@4.0.1))':
    dependencies:
      '@deepseek-ai/cordis': 4.0.1
      '@deepseek-ai/dsh-invariants': 0.1.0-rc.7(@deepseek-ai/cordis@4.0.1)

  '@deepseek-ai/dsh-code-runtime@0.1.0-rc.7(@deepseek-ai/cordis@4.0.1)(@deepseek-ai/dsh-invariants@0.1.0-rc.7(@deepseek-ai/cordis@4.0.1))':
    dependencies:
      '@deepseek-ai/cordis': 4.0.1
      '@deepseek-ai/dsh-invariants': 0.1.0-rc.7(@deepseek-ai/cordis@4.0.1)

  '@deepseek-ai/dsh-fs@0.0.1-rc.1(7991753c264b1d907549a3df5a6ef9ed)':
    dependencies:
      '@deepseek-ai/cordis': 4.0.1
      '@deepseek-ai/dsh-brand': 0.1.0-rc.7(@deepseek-ai/cordis@4.0.1)(@deepseek-ai/dsh-invariants@0.1.0-rc.7(@deepseek-ai/cordis@4.0.1))
      '@deepseek-ai/dsh-invariants': 0.1.0-rc.7(@deepseek-ai/cordis@4.0.1)
      '@deepseek-ai/dsh-llm': 0.1.0-rc.7(@deepseek-ai/cordis@4.0.1)(@deepseek-ai/dsh-attachment@0.1.0-rc.7(@deepseek-ai/cordis@4.0.1)(@deepseek-ai/dsh-brand@0.1.0-rc.7(@deepseek-ai/cordis@4.0.1)(@deepseek-ai/dsh-invariants@0.1.0-rc.7(@deepseek-ai/cordis@4.0.1)))(@deepseek-ai/dsh-invariants@0.1.0-rc.7(@deepseek-ai/cordis@4.0.1)))(@deepseek-ai/dsh-brand@0.1.0-rc.7(@deepseek-ai/cordis@4.0.1)(@deepseek-ai/dsh-invariants@0.1.0-rc.7(@deepseek-ai/cordis@4.0.1)))(@deepseek-ai/dsh-invariants@0.1.0-rc.7(@deepseek-ai/cordis@4.0.1))(@deepseek-ai/dsh-timeout@0.1.0-rc.7(@deepseek-ai/cordis@4.0.1)(@deepseek-ai/dsh-invariants@0.1.0-rc.7(@deepseek-ai/cordis@4.0.1)))
      '@deepseek-ai/dsh-sandbox': 0.1.0-rc.7(@deepseek-ai/cordis@4.0.1)(@deepseek-ai/dsh-invariants@0.1.0-rc.7(@deepseek-ai/cordis@4.0.1))(@deepseek-ai/dsh-llm@0.1.0-rc.7(@deepseek-ai/cordis@4.0.1)(@deepseek-ai/dsh-attachment@0.1.0-rc.7(@deepseek-ai/cordis@4.0.1)(@deepseek-ai/dsh-brand@0.1.0-rc.7(@deepseek-ai/cordis@4.0.1)(@deepseek-ai/dsh-invariants@0.1.0-rc.7(@deepseek-ai/cordis@4.0.1)))(@deepseek-ai/dsh-invariants@0.1.0-rc.7(@deepseek-ai/cordis@4.0.1)))(@deepseek-ai/dsh-brand@0.1.0-rc.7(@deepseek-ai/cordis@4.0.1)(@deepseek-ai/dsh-invariants@0.1.0-rc.7(@deepseek-ai/cordis@4.0.1)))(@deepseek-ai/dsh-invariants@0.1.0-rc.7(@deepseek-ai/cordis@4.0.1))(@deepseek-ai/dsh-timeout@0.1.0-rc.7(@deepseek-ai/cordis@4.0.1)(@deepseek-ai/dsh-invariants@0.1.0-rc.7(@deepseek-ai/cordis@4.0.1))))(@deepseek-ai/dsh-session@0.1.0-rc.7(1dcde9bfc9fa0140c66648fbcb67b346))

  '@deepseek-ai/dsh-invariants@0.1.0-rc.7(@deepseek-ai/cordis@4.0.1)':
    dependencies:
      '@deepseek-ai/cordis': 4.0.1
      '@deepseek-ai/schemastery': 3.18.1

  '@deepseek-ai/dsh-llm@0.1.0-rc.7(@deepseek-ai/cordis@4.0.1)(@deepseek-ai/dsh-attachment@0.1.0-rc.7(@deepseek-ai/cordis@4.0.1)(@deepseek-ai/dsh-brand@0.1.0-rc.7(@deepseek-ai/cordis@4.0.1)(@deepseek-ai/dsh-invariants@0.1.0-rc.7(@deepseek-ai/cordis@4.0.1)))(@deepseek-ai/dsh-invariants@0.1.0-rc.7(@deepseek-ai/cordis@4.0.1)))(@deepseek-ai/dsh-brand@0.1.0-rc.7(@deepseek-ai/cordis@4.0.1)(@deepseek-ai/dsh-invariants@0.1.0-rc.7(@deepseek-ai/cordis@4.0.1)))(@deepseek-ai/dsh-invariants@0.1.0-rc.7(@deepseek-ai/cordis@4.0.1))(@deepseek-ai/dsh-timeout@0.1.0-rc.7(@deepseek-ai/cordis@4.0.1)(@deepseek-ai/dsh-invariants@0.1.0-rc.7(@deepseek-ai/cordis@4.0.1)))':
    dependencies:
      '@deepseek-ai/cordis': 4.0.1
      '@deepseek-ai/dsh-attachment': 0.1.0-rc.7(@deepseek-ai/cordis@4.0.1)(@deepseek-ai/dsh-brand@0.1.0-rc.7(@deepseek-ai/cordis@4.0.1)(@deepseek-ai/dsh-invariants@0.1.0-rc.7(@deepseek-ai/cordis@4.0.1)))(@deepseek-ai/dsh-invariants@0.1.0-rc.7(@deepseek-ai/cordis@4.0.1))
      '@deepseek-ai/dsh-brand': 0.1.0-rc.7(@deepseek-ai/cordis@4.0.1)(@deepseek-ai/dsh-invariants@0.1.0-rc.7(@deepseek-ai/cordis@4.0.1))
      '@deepseek-ai/dsh-invariants': 0.1.0-rc.7(@deepseek-ai/cordis@4.0.1)
      '@deepseek-ai/dsh-timeout': 0.1.0-rc.7(@deepseek-ai/cordis@4.0.1)(@deepseek-ai/dsh-invariants@0.1.0-rc.7(@deepseek-ai/cordis@4.0.1))
      '@deepseek-ai/schemastery': 3.18.1

  '@deepseek-ai/dsh-sandbox@0.1.0-rc.7(@deepseek-ai/cordis@4.0.1)(@deepseek-ai/dsh-invariants@0.1.0-rc.7(@deepseek-ai/cordis@4.0.1))(@deepseek-ai/dsh-llm@0.1.0-rc.7(@deepseek-ai/cordis@4.0.1)(@deepseek-ai/dsh-attachment@0.1.0-rc.7(@deepseek-ai/cordis@4.0.1)(@deepseek-ai/dsh-brand@0.1.0-rc.7(@deepseek-ai/cordis@4.0.1)(@deepseek-ai/dsh-invariants@0.1.0-rc.7(@deepseek-ai/cordis@4.0.1)))(@deepseek-ai/dsh-invariants@0.1.0-rc.7(@deepseek-ai/cordis@4.0.1)))(@deepseek-ai/dsh-brand@0.1.0-rc.7(@deepseek-ai/cordis@4.0.1)(@deepseek-ai/dsh-invariants@0.1.0-rc.7(@deepseek-ai/cordis@4.0.1)))(@deepseek-ai/dsh-invariants@0.1.0-rc.7(@deepseek-ai/cordis@4.0.1))(@deepseek-ai/dsh-timeout@0.1.0-rc.7(@deepseek-ai/cordis@4.0.1)(@deepseek-ai/dsh-invariants@0.1.0-rc.7(@deepseek-ai/cordis@4.0.1))))(@deepseek-ai/dsh-session@0.1.0-rc.7(1dcde9bfc9fa0140c66648fbcb67b346))':
    dependencies:
      '@deepseek-ai/cordis': 4.0.1
      '@deepseek-ai/dsh-invariants': 0.1.0-rc.7(@deepseek-ai/cordis@4.0.1)
      '@deepseek-ai/dsh-llm': 0.1.0-rc.7(@deepseek-ai/cordis@4.0.1)(@deepseek-ai/dsh-attachment@0.1.0-rc.7(@deepseek-ai/cordis@4.0.1)(@deepseek-ai/dsh-brand@0.1.0-rc.7(@deepseek-ai/cordis@4.0.1)(@deepseek-ai/dsh-invariants@0.1.0-rc.7(@deepseek-ai/cordis@4.0.1)))(@deepseek-ai/dsh-invariants@0.1.0-rc.7(@deepseek-ai/cordis@4.0.1)))(@deepseek-ai/dsh-brand@0.1.0-rc.7(@deepseek-ai/cordis@4.0.1)(@deepseek-ai/dsh-invariants@0.1.0-rc.7(@deepseek-ai/cordis@4.0.1)))(@deepseek-ai/dsh-invariants@0.1.0-rc.7(@deepseek-ai/cordis@4.0.1))(@deepseek-ai/dsh-timeout@0.1.0-rc.7(@deepseek-ai/cordis@4.0.1)(@deepseek-ai/dsh-invariants@0.1.0-rc.7(@deepseek-ai/cordis@4.0.1)))
      '@deepseek-ai/dsh-session': 0.1.0-rc.7(1dcde9bfc9fa0140c66648fbcb67b346)

  '@deepseek-ai/dsh-scope@0.1.0-rc.7(@deepseek-ai/cordis@4.0.1)(@deepseek-ai/dsh-invariants@0.1.0-rc.7(@deepseek-ai/cordis@4.0.1))':
    dependencies:
      '@deepseek-ai/cordis': 4.0.1
      '@deepseek-ai/dsh-invariants': 0.1.0-rc.7(@deepseek-ai/cordis@4.0.1)

  '@deepseek-ai/dsh-session@0.1.0-rc.7(1dcde9bfc9fa0140c66648fbcb67b346)':
    dependencies:
      '@deepseek-ai/cordis': 4.0.1
      '@deepseek-ai/dsh-brand': 0.1.0-rc.7(@deepseek-ai/cordis@4.0.1)(@deepseek-ai/dsh-invariants@0.1.0-rc.7(@deepseek-ai/cordis@4.0.1))
      '@deepseek-ai/dsh-invariants': 0.1.0-rc.7(@deepseek-ai/cordis@4.0.1)
      '@deepseek-ai/dsh-llm': 0.1.0-rc.7(@deepseek-ai/cordis@4.0.1)(@deepseek-ai/dsh-attachment@0.1.0-rc.7(@deepseek-ai/cordis@4.0.1)(@deepseek-ai/dsh-brand@0.1.0-rc.7(@deepseek-ai/cordis@4.0.1)(@deepseek-ai/dsh-invariants@0.1.0-rc.7(@deepseek-ai/cordis@4.0.1)))(@deepseek-ai/dsh-invariants@0.1.0-rc.7(@deepseek-ai/cordis@4.0.1)))(@deepseek-ai/dsh-brand@0.1.0-rc.7(@deepseek-ai/cordis@4.0.1)(@deepseek-ai/dsh-invariants@0.1.0-rc.7(@deepseek-ai/cordis@4.0.1)))(@deepseek-ai/dsh-invariants@0.1.0-rc.7(@deepseek-ai/cordis@4.0.1))(@deepseek-ai/dsh-timeout@0.1.0-rc.7(@deepseek-ai/cordis@4.0.1)(@deepseek-ai/dsh-invariants@0.1.0-rc.7(@deepseek-ai/cordis@4.0.1)))
      '@deepseek-ai/dsh-scope': 0.1.0-rc.7(@deepseek-ai/cordis@4.0.1)(@deepseek-ai/dsh-invariants@0.1.0-rc.7(@deepseek-ai/cordis@4.0.1))
      '@deepseek-ai/dsh-typert-protocol': 0.1.0-rc.7(@deepseek-ai/cordis@4.0.1)(@deepseek-ai/dsh-invariants@0.1.0-rc.7(@deepseek-ai/cordis@4.0.1))

  '@deepseek-ai/dsh-system-prompt@0.0.1-rc.1(@deepseek-ai/cordis@4.0.1)(@deepseek-ai/dsh-invariants@0.1.0-rc.7(@deepseek-ai/cordis@4.0.1))(@deepseek-ai/dsh-llm@0.1.0-rc.7(@deepseek-ai/cordis@4.0.1)(@deepseek-ai/dsh-attachment@0.1.0-rc.7(@deepseek-ai/cordis@4.0.1)(@deepseek-ai/dsh-brand@0.1.0-rc.7(@deepseek-ai/cordis@4.0.1)(@deepseek-ai/dsh-invariants@0.1.0-rc.7(@deepseek-ai/cordis@4.0.1)))(@deepseek-ai/dsh-invariants@0.1.0-rc.7(@deepseek-ai/cordis@4.0.1)))(@deepseek-ai/dsh-brand@0.1.0-rc.7(@deepseek-ai/cordis@4.0.1)(@deepseek-ai/dsh-invariants@0.1.0-rc.7(@deepseek-ai/cordis@4.0.1)))(@deepseek-ai/dsh-invariants@0.1.0-rc.7(@deepseek-ai/cordis@4.0.1))(@deepseek-ai/dsh-timeout@0.1.0-rc.7(@deepseek-ai/cordis@4.0.1)(@deepseek-ai/dsh-invariants@0.1.0-rc.7(@deepseek-ai/cordis@4.0.1))))(@deepseek-ai/dsh-scope@0.1.0-rc.7(@deepseek-ai/cordis@4.0.1)(@deepseek-ai/dsh-invariants@0.1.0-rc.7(@deepseek-ai/cordis@4.0.1)))':
    dependencies:
      '@deepseek-ai/cordis': 4.0.1
      '@deepseek-ai/dsh-invariants': 0.1.0-rc.7(@deepseek-ai/cordis@4.0.1)
      '@deepseek-ai/dsh-llm': 0.1.0-rc.7(@deepseek-ai/cordis@4.0.1)(@deepseek-ai/dsh-attachment@0.1.0-rc.7(@deepseek-ai/cordis@4.0.1)(@deepseek-ai/dsh-brand@0.1.0-rc.7(@deepseek-ai/cordis@4.0.1)(@deepseek-ai/dsh-invariants@0.1.0-rc.7(@deepseek-ai/cordis@4.0.1)))(@deepseek-ai/dsh-invariants@0.1.0-rc.7(@deepseek-ai/cordis@4.0.1)))(@deepseek-ai/dsh-brand@0.1.0-rc.7(@deepseek-ai/cordis@4.0.1)(@deepseek-ai/dsh-invariants@0.1.0-rc.7(@deepseek-ai/cordis@4.0.1)))(@deepseek-ai/dsh-invariants@0.1.0-rc.7(@deepseek-ai/cordis@4.0.1))(@deepseek-ai/dsh-timeout@0.1.0-rc.7(@deepseek-ai/cordis@4.0.1)(@deepseek-ai/dsh-invariants@0.1.0-rc.7(@deepseek-ai/cordis@4.0.1)))
      '@deepseek-ai/dsh-scope': 0.1.0-rc.7(@deepseek-ai/cordis@4.0.1)(@deepseek-ai/dsh-invariants@0.1.0-rc.7(@deepseek-ai/cordis@4.0.1))
      '@deepseek-ai/schemastery': 3.18.1

  '@deepseek-ai/dsh-timeout@0.1.0-rc.7(@deepseek-ai/cordis@4.0.1)(@deepseek-ai/dsh-invariants@0.1.0-rc.7(@deepseek-ai/cordis@4.0.1))':
    dependencies:
      '@deepseek-ai/cordis': 4.0.1
      '@deepseek-ai/dsh-invariants': 0.1.0-rc.7(@deepseek-ai/cordis@4.0.1)

  '@deepseek-ai/dsh-tools@0.0.1-rc.1(eb4ac1007a57747c58d95170c2d34893)':
    dependencies:
      '@deepseek-ai/cordis': 4.0.1
      '@deepseek-ai/dsh-agent': 0.1.0-rc.7(ea702386a8bab995362c9873023e371b)
      '@deepseek-ai/dsh-code-runtime': 0.1.0-rc.7(@deepseek-ai/cordis@4.0.1)(@deepseek-ai/dsh-invariants@0.1.0-rc.7(@deepseek-ai/cordis@4.0.1))
      '@deepseek-ai/dsh-invariants': 0.1.0-rc.7(@deepseek-ai/cordis@4.0.1)
      '@deepseek-ai/dsh-llm': 0.1.0-rc.7(@deepseek-ai/cordis@4.0.1)(@deepseek-ai/dsh-attachment@0.1.0-rc.7(@deepseek-ai/cordis@4.0.1)(@deepseek-ai/dsh-brand@0.1.0-rc.7(@deepseek-ai/cordis@4.0.1)(@deepseek-ai/dsh-invariants@0.1.0-rc.7(@deepseek-ai/cordis@4.0.1)))(@deepseek-ai/dsh-invariants@0.1.0-rc.7(@deepseek-ai/cordis@4.0.1)))(@deepseek-ai/dsh-brand@0.1.0-rc.7(@deepseek-ai/cordis@4.0.1)(@deepseek-ai/dsh-invariants@0.1.0-rc.7(@deepseek-ai/cordis@4.0.1)))(@deepseek-ai/dsh-invariants@0.1.0-rc.7(@deepseek-ai/cordis@4.0.1))(@deepseek-ai/dsh-timeout@0.1.0-rc.7(@deepseek-ai/cordis@4.0.1)(@deepseek-ai/dsh-invariants@0.1.0-rc.7(@deepseek-ai/cordis@4.0.1)))
      '@deepseek-ai/dsh-scope': 0.1.0-rc.7(@deepseek-ai/cordis@4.0.1)(@deepseek-ai/dsh-invariants@0.1.0-rc.7(@deepseek-ai/cordis@4.0.1))
      '@deepseek-ai/dsh-session': 0.1.0-rc.7(1dcde9bfc9fa0140c66648fbcb67b346)
      '@deepseek-ai/dsh-system-prompt': 0.0.1-rc.1(@deepseek-ai/cordis@4.0.1)(@deepseek-ai/dsh-invariants@0.1.0-rc.7(@deepseek-ai/cordis@4.0.1))(@deepseek-ai/dsh-llm@0.1.0-rc.7(@deepseek-ai/cordis@4.0.1)(@deepseek-ai/dsh-attachment@0.1.0-rc.7(@deepseek-ai/cordis@4.0.1)(@deepseek-ai/dsh-brand@0.1.0-rc.7(@deepseek-ai/cordis@4.0.1)(@deepseek-ai/dsh-invariants@0.1.0-rc.7(@deepseek-ai/cordis@4.0.1)))(@deepseek-ai/dsh-invariants@0.1.0-rc.7(@deepseek-ai/cordis@4.0.1)))(@deepseek-ai/dsh-brand@0.1.0-rc.7(@deepseek-ai/cordis@4.0.1)(@deepseek-ai/dsh-invariants@0.1.0-rc.7(@deepseek-ai/cordis@4.0.1)))(@deepseek-ai/dsh-invariants@0.1.0-rc.7(@deepseek-ai/cordis@4.0.1))(@deepseek-ai/dsh-timeout@0.1.0-rc.7(@deepseek-ai/cordis@4.0.1)(@deepseek-ai/dsh-invariants@0.1.0-rc.7(@deepseek-ai/cordis@4.0.1))))(@deepseek-ai/dsh-scope@0.1.0-rc.7(@deepseek-ai/cordis@4.0.1)(@deepseek-ai/dsh-invariants@0.1.0-rc.7(@deepseek-ai/cordis@4.0.1)))
      '@deepseek-ai/dsh-user-approval': 0.1.0-rc.7(e261ad417d6548c40a3666cfa6775506)
      '@deepseek-ai/schemastery': 3.18.1

  '@deepseek-ai/dsh-typert-protocol@0.1.0-rc.7(@deepseek-ai/cordis@4.0.1)(@deepseek-ai/dsh-invariants@0.1.0-rc.7(@deepseek-ai/cordis@4.0.1))':
    dependencies:
      '@deepseek-ai/cordis': 4.0.1
      '@deepseek-ai/dsh-invariants': 0.1.0-rc.7(@deepseek-ai/cordis@4.0.1)

  '@deepseek-ai/dsh-user-approval@0.1.0-rc.7(e261ad417d6548c40a3666cfa6775506)':
    dependencies:
      '@deepseek-ai/cordis': 4.0.1
      '@deepseek-ai/dsh-agent': 0.1.0-rc.7(ea702386a8bab995362c9873023e371b)
      '@deepseek-ai/dsh-brand': 0.1.0-rc.7(@deepseek-ai/cordis@4.0.1)(@deepseek-ai/dsh-invariants@0.1.0-rc.7(@deepseek-ai/cordis@4.0.1))
      '@deepseek-ai/dsh-invariants': 0.1.0-rc.7(@deepseek-ai/cordis@4.0.1)
      '@deepseek-ai/dsh-llm': 0.1.0-rc.7(@deepseek-ai/cordis@4.0.1)(@deepseek-ai/dsh-attachment@0.1.0-rc.7(@deepseek-ai/cordis@4.0.1)(@deepseek-ai/dsh-brand@0.1.0-rc.7(@deepseek-ai/cordis@4.0.1)(@deepseek-ai/dsh-invariants@0.1.0-rc.7(@deepseek-ai/cordis@4.0.1)))(@deepseek-ai/dsh-invariants@0.1.0-rc.7(@deepseek-ai/cordis@4.0.1)))(@deepseek-ai/dsh-brand@0.1.0-rc.7(@deepseek-ai/cordis@4.0.1)(@deepseek-ai/dsh-invariants@0.1.0-rc.7(@deepseek-ai/cordis@4.0.1)))(@deepseek-ai/dsh-invariants@0.1.0-rc.7(@deepseek-ai/cordis@4.0.1))(@deepseek-ai/dsh-timeout@0.1.0-rc.7(@deepseek-ai/cordis@4.0.1)(@deepseek-ai/dsh-invariants@0.1.0-rc.7(@deepseek-ai/cordis@4.0.1)))
      '@deepseek-ai/dsh-scope': 0.1.0-rc.7(@deepseek-ai/cordis@4.0.1)(@deepseek-ai/dsh-invariants@0.1.0-rc.7(@deepseek-ai/cordis@4.0.1))
      '@deepseek-ai/dsh-session': 0.1.0-rc.7(1dcde9bfc9fa0140c66648fbcb67b346)
      '@deepseek-ai/dsh-system-prompt': 0.0.1-rc.1(@deepseek-ai/cordis@4.0.1)(@deepseek-ai/dsh-invariants@0.1.0-rc.7(@deepseek-ai/cordis@4.0.1))(@deepseek-ai/dsh-llm@0.1.0-rc.7(@deepseek-ai/cordis@4.0.1)(@deepseek-ai/dsh-attachment@0.1.0-rc.7(@deepseek-ai/cordis@4.0.1)(@deepseek-ai/dsh-brand@0.1.0-rc.7(@deepseek-ai/cordis@4.0.1)(@deepseek-ai/dsh-invariants@0.1.0-rc.7(@deepseek-ai/cordis@4.0.1)))(@deepseek-ai/dsh-invariants@0.1.0-rc.7(@deepseek-ai/cordis@4.0.1)))(@deepseek-ai/dsh-brand@0.1.0-rc.7(@deepseek-ai/cordis@4.0.1)(@deepseek-ai/dsh-invariants@0.1.0-rc.7(@deepseek-ai/cordis@4.0.1)))(@deepseek-ai/dsh-invariants@0.1.0-rc.7(@deepseek-ai/cordis@4.0.1))(@deepseek-ai/dsh-timeout@0.1.0-rc.7(@deepseek-ai/cordis@4.0.1)(@deepseek-ai/dsh-invariants@0.1.0-rc.7(@deepseek-ai/cordis@4.0.1))))(@deepseek-ai/dsh-scope@0.1.0-rc.7(@deepseek-ai/cordis@4.0.1)(@deepseek-ai/dsh-invariants@0.1.0-rc.7(@deepseek-ai/cordis@4.0.1)))
      '@deepseek-ai/schemastery': 3.18.1

  '@deepseek-ai/schemastery@3.18.1':
    dependencies:
      '@deepseek-ai/cosmokit': 1.8.2
      '@standard-schema/spec': 1.1.0

  '@standard-schema/spec@1.1.0': {}

  typescript@5.9.3: {}
